# This file is automatically @generated by Cargo.
# It is not intended for manual editing.
version = 3

[[package]]
name = "cty"
version = "0.2.2"
source = "registry+https://github.com/rust-lang/crates.io-index"
checksum = "b365fabc795046672053e29c954733ec3b05e4be654ab130fe8f1f94d7051f35"

[[package]]
name = "graph"
version = "0.1.0"
dependencies = [
 "slag",
]

[[package]]
name = "raw-window-handle"
version = "0.5.0"
source = "registry+https://github.com/rust-lang/crates.io-index"
checksum = "ed7e3d950b66e19e0c372f3fa3fbbcf85b1746b571f74e0c2af6042a5c93420a"
dependencies = [
 "cty",
]

[[package]]
name = "slag"
version = "0.1.0"
dependencies = [
 "raw-window-handle",
]
